
Microsoft Visual Studio Solution File, Format Version 12.00
# Visual Studio 15
VisualStudioVersion = 15.0.26730.12
MinimumVisualStudioVersion = 10.0.40219.1
Project("{888888A0-9F3D-457C-B088-3A5042F75D52}") = "Feature Request", "Feature Request.pyproj", "{B4AB99F3-3B5A-4EA6-BE1D-0EB3717FCD40}"
EndProject
Global
	GlobalSection(SolutionConfigurationPlatforms) = preSolution
		Debug|Any CPU = Debug|Any CPU
		Release|Any CPU = Release|Any CPU
	EndGlobalSection
	GlobalSection(ProjectConfigurationPlatforms) = postSolution
		{B4AB99F3-3B5A-4EA6-BE1D-0EB3717FCD40}.Debug|Any CPU.ActiveCfg = Debug|Any CPU
		{B4AB99F3-3B5A-4EA6-BE1D-0EB3717FCD40}.Debug|Any CPU.Build.0 = Debug|Any CPU
		{B4AB99F3-3B5A-4EA6-BE1D-0EB3717FCD40}.Release|Any CPU.ActiveCfg = Release|Any CPU
		{B4AB99F3-3B5A-4EA6-BE1D-0EB3717FCD40}.Release|Any CPU.Build.0 = Release|Any CPU
	EndGlobalSection
	GlobalSection(SolutionProperties) = preSolution
		HideSolutionNode = FALSE
	EndGlobalSection
	GlobalSection(ExtensibilityGlobals) = postSolution
		SolutionGuid = {634CE07C-C582-4DEC-A62D-090C0BAAEB54}
	EndGlobalSection
EndGlobal
